
Microsoft Visual Studio Solution File, Format Version 12.00
# Visual Studio 15
VisualStudioVersion = 15.0.28307.329
MinimumVisualStudioVersion = 10.0.40219.1
Project("{9A19103F-16F7-4668-BE54-9A1E7A4F7556}") = "Projeto3", "AssessmentMatematica\Projeto3.csproj", "{FE407EA1-6559-4811-BDF2-B00C4B070949}"
EndProject
Project("{9A19103F-16F7-4668-BE54-9A1E7A4F7556}") = "Projeto4", "Projeto4\Projeto4.csproj", "{90EB3110-E0FD-4623-A3F2-7A37D23B30CE}"
EndProject
Global
	GlobalSection(SolutionConfigurationPlatforms) = preSolution
		Debug|Any CPU = Debug|Any CPU
		Release|Any CPU = Release|Any CPU
	EndGlobalSection
	GlobalSection(ProjectConfigurationPlatforms) = postSolution
		{FE407EA1-6559-4811-BDF2-B00C4B070949}.Debug|Any CPU.ActiveCfg = Debug|Any CPU
		{FE407EA1-6559-4811-BDF2-B00C4B070949}.Debug|Any CPU.Build.0 = Debug|Any CPU
		{FE407EA1-6559-4811-BDF2-B00C4B070949}.Release|Any CPU.ActiveCfg = Release|Any CPU
		{FE407EA1-6559-4811-BDF2-B00C4B070949}.Release|Any CPU.Build.0 = Release|Any CPU
		{90EB3110-E0FD-4623-A3F2-7A37D23B30CE}.Debug|Any CPU.ActiveCfg = Debug|Any CPU
		{90EB3110-E0FD-4623-A3F2-7A37D23B30CE}.Debug|Any CPU.Build.0 = Debug|Any CPU
		{90EB3110-E0FD-4623-A3F2-7A37D23B30CE}.Release|Any CPU.ActiveCfg = Release|Any CPU
		{90EB3110-E0FD-4623-A3F2-7A37D23B30CE}.Release|Any CPU.Build.0 = Release|Any CPU
	EndGlobalSection
	GlobalSection(SolutionProperties) = preSolution
		HideSolutionNode = FALSE
	EndGlobalSection
	GlobalSection(ExtensibilityGlobals) = postSolution
		SolutionGuid = {8446559A-404D-4E1C-B51E-13A713927C5E}
	EndGlobalSection
EndGlobal
